{
    "_meta": {
        "hash": {
            "sha256": "b3d58ab4dffda15cf45491c20217125a9e01f456600ac7b8c0cfd96cd02bb17f"
        },
        "pipfile-spec": 6,
        "requires": {},
        "sources": [
            {
                "name": "pypi",
                "url": "https://pypi.python.org/simple",
                "verify_ssl": true
            }
        ]
    },
    "default": {
        "backports.shutil-get-terminal-size": {
            "hashes": [
                "sha256:0975ba55054c15e346944b38956a4c9cbee9009391e41b86c68990effb8c1f64",
                "sha256:713e7a8228ae80341c70586d1cc0a8caa5207346927e23d09dcbcaf18eadec80"
            ],
            "markers": "python_version == '2.7'",
            "version": "==1.0.0"
        },
        "certifi": {
            "hashes": [
                "sha256:244be0d93b71e93fc0a0a479862051414d0e00e16435707e5bf5000f92e04694",
                "sha256:5ec74291ca1136b40f0379e1128ff80e866597e4e2c1e755739a913bbc3613c0"
            ],
            "index": "pypi",
            "version": "==2017.11.5"
        },
        "chardet": {
            "hashes": [
                "sha256:84ab92ed1c4d4f16916e05906b6b75a6c0fb5db821cc65e70cbd64a3e2a5eaae",
                "sha256:fc323ffcaeaed0e0a02bf4d117757b98aed530d9ed4531e3e15460124c106691"
            ],
            "index": "pypi",
            "version": "==3.0.4"
        },
        "click": {
            "hashes": [
                "sha256:29f99fc6125fbc931b758dc053b3114e55c77a6e4c6c3a2674a2dc986016381d",
                "sha256:f15516df478d5a56180fbf80e68f206010e6d160fc39fa508b65e035fd75130b"
            ],
            "index": "pypi",
            "version": "==6.7"
        },
        "configparser": {
            "hashes": [
                "sha256:254c1d9c79f60c45dfde850850883d5aaa7f19a23f13561243a050d5a7c3fe4c",
                "sha256:c7d282687a5308319bf3d2e7706e575c635b0a470342641c93bea0ea3b5331df"
            ],
            "markers": "python_version < '3.2'",
            "version": "==4.0.2"
        },
        "enum34": {
            "hashes": [
                "sha256:a98a201d6de3f2ab3db284e70a33b0f896fbf35f8086594e8c9e74b909058d53",
                "sha256:c3858660960c984d6ab0ebad691265180da2b43f07e061c0f8dca9ef3cffd328",
                "sha256:cce6a7477ed816bd2542d03d53db9f0db935dd013b70f336a95c73979289f248"
            ],
            "markers": "python_version < '3.4'",
            "version": "==1.1.10"
        },
        "flake8": {
            "hashes": [
                "sha256:7253265f7abd8b313e3892944044a365e3f4ac3fcdcfb4298f55ee9ddf188ba0",
                "sha256:c7841163e2b576d435799169b78703ad6ac1bbb0f199994fc05f700b2a90ea37"
            ],
            "index": "pypi",
            "version": "==3.5.0"
        },
        "flask": {
            "hashes": [
                "sha256:0749df235e3ff61ac108f69ac178c9770caeaccad2509cb762ce1f65570a8856",
                "sha256:49f44461237b69ecd901cc7ce66feea0319b9158743dd27a2899962ab214dac1"
            ],
            "index": "pypi",
            "version": "==0.12.2"
        },
        "flask-pymongo": {
            "hashes": [
                "sha256:0d3cb35f874e17cc0f08066936e2f96a7a65e65af00609211b3e7518bf499813",
                "sha256:2baaa2ba5107d72b3a8bd4b5c0c8881316e35340ad1ae979cc13f1f3c8843b3d",
                "sha256:e81c2001be555e255b3ac7776f0f2f5921f6aeef9fc94edb47c1fca2b532e59c"
            ],
            "index": "pypi",
            "version": "==0.5.1"
        },
        "gunicorn": {
            "hashes": [
                "sha256:75af03c99389535f218cc596c7de74df4763803f7b63eb09d77e92b3956b36c6",
                "sha256:eee1169f0ca667be05db3351a0960765620dad53f53434262ff8901b68a1b622"
            ],
            "index": "pypi",
            "version": "==19.7.1"
        },
        "idna": {
            "hashes": [
                "sha256:2c6a5de3089009e3da7c5dde64a141dbc8551d5b7f6cf4ed7c2568d0cc520a8f",
                "sha256:8c7309c718f94b3a625cb648ace320157ad16ff131ae0af362c9f21b80ef6ec4"
            ],
            "index": "pypi",
            "version": "==2.6"
        },
        "itsdangerous": {
            "hashes": [
                "sha256:cbb3fcf8d3e33df861709ecaf89d9e6629cff0a217bc2848f1b41cd30d360519"
            ],
            "index": "pypi",
            "version": "==0.24"
        },
        "jinja2": {
            "hashes": [
                "sha256:03e47ad063331dd6a3f04a43eddca8a966a26ba0c5b7207a9a9e4e08f1b29419",
                "sha256:a6d58433de0ae800347cab1fa3043cebbabe8baa9d29e668f1c768cb87a333c6"
            ],
            "index": "pypi",
            "version": "==2.11.3"
        },
        "markupsafe": {
            "hashes": [
                "sha256:a6be69091dac236ea9c6bc7d012beab42010fa914c459791d627dad4910eb665"
            ],
            "index": "pypi",
            "version": "==1.0"
        },
        "mccabe": {
            "hashes": [
                "sha256:ab8a6258860da4b6677da4bd2fe5dc2c659cff31b3ee4f7f5d64e79735b80d42",
                "sha256:dd8d182285a0fe56bace7f45b5e7d1a6ebcbf524e8f3bd87eb0f125271b8831f"
            ],
            "index": "pypi",
            "version": "==0.6.1"
        },
        "pathlib": {
            "hashes": [
                "sha256:6940718dfc3eff4258203ad5021090933e5c04707d5ca8cc9e73c94a7894ea9f"
            ],
            "markers": "python_version == '2.7'",
            "version": "==1.0.1"
        },
        "pew": {
            "hashes": [
                "sha256:bcb7dce35b9fd05024b772094e54b44740d2a523dd0e199a6a1b336804e112c7",
                "sha256:f2d94e6266986372ea122654af7268357fe7a7c487156e6a0f3e86aaea946173"
            ],
            "index": "pypi",
            "version": "==1.1.1"
        },
        "pipenv": {
            "hashes": [
                "sha256:20be245ad2a7908a04b302e9568ee26e57f8dacc558468d2a84e699b2622e9af"
            ],
            "index": "pypi",
            "version": "==8.3.2"
        },
        "pycodestyle": {
            "hashes": [
                "sha256:682256a5b318149ca0d2a9185d365d8864a768a28db66a84a2ea946bcc426766",
                "sha256:6c4245ade1edfad79c3446fadfc96b0de2759662dc29d07d80a6f27ad1ca6ba9"
            ],
            "index": "pypi",
            "version": "==2.3.1"
        },
        "pyflakes": {
            "hashes": [
                "sha256:08bd6a50edf8cffa9fa09a463063c425ecaaf10d1eb0335a7e8b1401aef89e6f",
                "sha256:8d616a382f243dbf19b54743f280b80198be0bca3a5396f1d2e1fca6223e8805"
            ],
            "index": "pypi",
            "version": "==1.6.0"
        },
        "pymongo": {
            "hashes": [
                "sha256:0ce91b475d50b70388f512a2780bf91b0de643175d3f60bae3786ee4f133e751",
                "sha256:0f0e2cd634a5f97fe84b8a860c52e86cee488764031505cdc7c855f01fed7bd4",
                "sha256:166746d50df39c3d293ff26f18c64d728b4ac59b3d1940fb6475ad22820ba439",
                "sha256:1863a7ee4080388a7e247c7f8040c2a1e1288cecc3792cdcbe25a4b55a3f4a75",
                "sha256:2652d255b3a0b16a49c743879e882d6c3de40166282fa791075ad5db0285cbb4",
                "sha256:28be0827bd176c844fc0c06d99dae95bf0f720b6ff3616099f3ab6d0e1742602",
                "sha256:38fddffcd47b51415eef97290643dda4e72c7bf32af798df128d9ad94196f029",
                "sha256:39961f650fca9b3c6a8294a47707c328283d42e298712030b1992083900f00c3",
                "sha256:3eda499d1a6e584c448b8abb66c4cb7af02ba50f70a99a3063c4d9c460130e38",
                "sha256:41c892df7f67ec9aa76f4e1b4e093ac18d9a9ebafa6c60fc4e57db68eadb0d87",
                "sha256:4b68b6defa12b96e1087871e677ee8b9d67bbf57b1b70ee54ed19d2ee9dca538",
                "sha256:521676f3f2739a6b92d8d7bd7141653594e609b5827a382b0b9d76da69eefb2e",
                "sha256:57197ac3f47eeef633eec0ea46ddc3895904d0daf2bd271d85a5d691de539171",
                "sha256:6c2b1b2ec87873c1d1e38b32378ad428409264d674cceaf1552d557d7f961e57",
                "sha256:728a624a35383b147f2fca6051fb9604c7209ad0d9b65e35bf429e563d999e8a",
                "sha256:8077f89268d702dfae5a633a389f7775122e4146e05e9d6c8b0ee12c91e4d84c",
                "sha256:8946a46e3b9c4a7f0feb6909093594ab10771bda0fc4601901666b27043fc100",
                "sha256:8de6afe3aa34be4800a0bc49ce8f0d05c5e936b4ec297322e64bb6db8e5fd754",
                "sha256:906a13ad6081c5cb5c6862879bc22aa738a4ae12561c6b4ae64d2ff1b4fc47f5",
                "sha256:a02035ab7ebef71f7fc4aaa0c2344bcc7d74c6de64a000464184f8cb9496966f",
                "sha256:a11b456b549583d76a1ccca20a4a0ee710489e67753b3f3082cd929556693f31",
                "sha256:a516bddf391ccded8a9fe75672200bfedb20449e09661f3f785e8e695a6b15e4",
                "sha256:a7c3a6f32eb910fbdc0dde9aca9fb5407726cd21504d0a67334109f6aaade94e",
                "sha256:abbcbdabe9fd64b107f3aef5c68a20f22906c5f941e75b8414a026e8860af489",
                "sha256:bc2e6b5bc53269cad1f06ac32a86777a3b8761459f155c6bb14b25844720c0b1",
                "sha256:c612ed53c88071da75a4998add30971d9e90e80c83339c86e3be5ebd6913e32b",
                "sha256:cf8846fb59caffa587ba14da78f8fb23dba85017e009c1d752469b0005c444bf",
                "sha256:d0e516d07979c43a65927cd98c8bda84c7620f09658e9f424ebfff8f28994f77",
                "sha256:d2701658ea78ad484cd077fecb68de130de9a4ed784cc0a62d8d1d549d2b3fff",
                "sha256:d3aabb3dfc564d4b797c3805f3f3b4ce24de6c7150041f9caad536f4c672110b",
                "sha256:dd647f898031efefc093c14960b531ce13c10cd704dc0b43604cb93b168719e5",
                "sha256:e820d93414f3bec1fa456c84afbd4af1b43ff41366321619db74e6bc065d6924",
                "sha256:ef5dc292d27cb65a04776eaf0c9b5e6a87d6fd03f272a7043816fb8b946f4d8d",
                "sha256:fd22e54beb634e3568638862f305ccd3a78a89fa14a2b62397255b3510eb6bca",
                "sha256:ffaf9e135f9321423ac50035c4e3854b4f668e5a46c81d2e3341ae0504279ba3"
            ],
            "index": "pypi",
            "version": "==3.5.1"
        },
        "requests": {
            "hashes": [
                "sha256:6a1b267aa90cac58ac3a765d067950e7dbbf75b1da07e895d1f594193a40a38b",
                "sha256:9c443e7324ba5b85070c4a818ade28bfabedf16ea10206da1132edaa6dda237e"
            ],
            "index": "pypi",
            "version": "==2.18.4"
        },
        "shutilwhich": {
            "hashes": [
                "sha256:db1f39c6461e42f630fa617bb8c79090f7711c9ca493e615e43d0610ecb64dc6"
            ],
            "markers": "python_version == '2.7'",
            "version": "==1.1.0"
        },
        "urllib3": {
            "hashes": [
                "sha256:06330f386d6e4b195fbfc736b297f58c5a892e4440e54d294d7004e3a9bbea1b",
                "sha256:cc44da8e1145637334317feebd728bd869a35285b93cbb4cca2577da7e62db4f"
            ],
            "index": "pypi",
            "version": "==1.22"
        },
        "virtualenv": {
            "hashes": [
                "sha256:02f8102c2436bb03b3ee6dede1919d1dac8a427541652e5ec95171ec8adbc93a",
                "sha256:39d88b533b422825d644087a21e78c45cf5af0ef7a99a1fc9fbb7b481e5c85b0"
            ],
            "index": "pypi",
            "version": "==15.1.0"
        },
        "virtualenv-clone": {
            "hashes": [
                "sha256:6b3be5cab59e455f08c9eda573d23006b7d6fb41fae974ddaa2b275c93cc4405"
            ],
            "index": "pypi",
            "version": "==0.2.6"
        },
        "werkzeug": {
            "hashes": [
                "sha256:903a7b87b74635244548b30d30db4c8947fe64c5198f58899ddcd3a13c23bb26",
                "sha256:e8549c143af3ce6559699a01e26fa4174f4c591dbee0a499f3cd4c3781cdec3d"
            ],
            "index": "pypi",
            "version": "==0.12.2"
        }
    },
    "develop": {}
}
